
Microsoft Visual Studio Solution File, Format Version 12.00
# Visual Studio Version 17
VisualStudioVersion = 17.8.34330.188
MinimumVisualStudioVersion = 10.0.40219.1
Project("{FAE04EC0-301F-11D3-BF4B-00C04F79EFBC}") = "RefactorMainMethod", "RefactorMainMethod\RefactorMainMethod.csproj", "{176FC464-D4C8-4B51-A622-47789FB8013C}"
EndProject
Global
	GlobalSection(SolutionConfigurationPlatforms) = preSolution
		Debug|Any CPU = Debug|Any CPU
		Release|Any CPU = Release|Any CPU
	EndGlobalSection
	GlobalSection(ProjectConfigurationPlatforms) = postSolution
		{176FC464-D4C8-4B51-A622-47789FB8013C}.Debug|Any CPU.ActiveCfg = Debug|Any CPU
		{176FC464-D4C8-4B51-A622-47789FB8013C}.Debug|Any CPU.Build.0 = Debug|Any CPU
		{176FC464-D4C8-4B51-A622-47789FB8013C}.Release|Any CPU.ActiveCfg = Release|Any CPU
		{176FC464-D4C8-4B51-A622-47789FB8013C}.Release|Any CPU.Build.0 = Release|Any CPU
	EndGlobalSection
	GlobalSection(SolutionProperties) = preSolution
		HideSolutionNode = FALSE
	EndGlobalSection
	GlobalSection(ExtensibilityGlobals) = postSolution
		SolutionGuid = {95A75383-32EE-44F1-9EE9-A408129A066B}
	EndGlobalSection
EndGlobal
